
Microsoft Visual Studio Solution File, Format Version 12.00
# Visual Studio 15
VisualStudioVersion = 15.0.26124.0
MinimumVisualStudioVersion = 15.0.26124.0
Project("{9A19103F-16F7-4668-BE54-9A1E7A4F7556}") = "LudoGameLogic", "LudoGameLogic\LudoGameLogic.csproj", "{ADF04A5E-CCC3-4842-A1A4-C78C50356F37}"
EndProject
Project("{9A19103F-16F7-4668-BE54-9A1E7A4F7556}") = "LudoWebAPI", "LudoAPI\LudoWebAPI.csproj", "{B7F6C341-58FA-4F3D-A12D-AF5F85C40055}"
EndProject
Project("{9A19103F-16F7-4668-BE54-9A1E7A4F7556}") = "LudoGameService", "LudoGameService\LudoGameService.csproj", "{208ED6D3-C503-4AC4-83EC-813F9FEE2C70}"
EndProject
Project("{FAE04EC0-301F-11D3-BF4B-00C04F79EFBC}") = "LudoApiModels", "LudoModels\LudoApiModels.csproj", "{7692D6E2-A557-4D28-9341-83A81D7958F7}"
EndProject
Global
	GlobalSection(SolutionConfigurationPlatforms) = preSolution
		Debug|Any CPU = Debug|Any CPU
		Debug|x64 = Debug|x64
		Debug|x86 = Debug|x86
		Release|Any CPU = Release|Any CPU
		Release|x64 = Release|x64
		Release|x86 = Release|x86
	EndGlobalSection
	GlobalSection(ProjectConfigurationPlatforms) = postSolution
		{ADF04A5E-CCC3-4842-A1A4-C78C50356F37}.Debug|Any CPU.ActiveCfg = Debug|Any CPU
		{ADF04A5E-CCC3-4842-A1A4-C78C50356F37}.Debug|Any CPU.Build.0 = Debug|Any CPU
		{ADF04A5E-CCC3-4842-A1A4-C78C50356F37}.Debug|x64.ActiveCfg = Debug|Any CPU
		{ADF04A5E-CCC3-4842-A1A4-C78C50356F37}.Debug|x64.Build.0 = Debug|Any CPU
		{ADF04A5E-CCC3-4842-A1A4-C78C50356F37}.Debug|x86.ActiveCfg = Debug|Any CPU
		{ADF04A5E-CCC3-4842-A1A4-C78C50356F37}.Debug|x86.Build.0 = Debug|Any CPU
		{ADF04A5E-CCC3-4842-A1A4-C78C50356F37}.Release|Any CPU.ActiveCfg = Release|Any CPU
		{ADF04A5E-CCC3-4842-A1A4-C78C50356F37}.Release|Any CPU.Build.0 = Release|Any CPU
		{ADF04A5E-CCC3-4842-A1A4-C78C50356F37}.Release|x64.ActiveCfg = Release|Any CPU
		{ADF04A5E-CCC3-4842-A1A4-C78C50356F37}.Release|x64.Build.0 = Release|Any CPU
		{ADF04A5E-CCC3-4842-A1A4-C78C50356F37}.Release|x86.ActiveCfg = Release|Any CPU
		{ADF04A5E-CCC3-4842-A1A4-C78C50356F37}.Release|x86.Build.0 = Release|Any CPU
		{B7F6C341-58FA-4F3D-A12D-AF5F85C40055}.Debug|Any CPU.ActiveCfg = Debug|Any CPU
		{B7F6C341-58FA-4F3D-A12D-AF5F85C40055}.Debug|Any CPU.Build.0 = Debug|Any CPU
		{B7F6C341-58FA-4F3D-A12D-AF5F85C40055}.Debug|x64.ActiveCfg = Debug|Any CPU
		{B7F6C341-58FA-4F3D-A12D-AF5F85C40055}.Debug|x64.Build.0 = Debug|Any CPU
		{B7F6C341-58FA-4F3D-A12D-AF5F85C40055}.Debug|x86.ActiveCfg = Debug|Any CPU
		{B7F6C341-58FA-4F3D-A12D-AF5F85C40055}.Debug|x86.Build.0 = Debug|Any CPU
		{B7F6C341-58FA-4F3D-A12D-AF5F85C40055}.Release|Any CPU.ActiveCfg = Release|Any CPU
		{B7F6C341-58FA-4F3D-A12D-AF5F85C40055}.Release|Any CPU.Build.0 = Release|Any CPU
		{B7F6C341-58FA-4F3D-A12D-AF5F85C40055}.Release|x64.ActiveCfg = Release|Any CPU
		{B7F6C341-58FA-4F3D-A12D-AF5F85C40055}.Release|x64.Build.0 = Release|Any CPU
		{B7F6C341-58FA-4F3D-A12D-AF5F85C40055}.Release|x86.ActiveCfg = Release|Any CPU
		{B7F6C341-58FA-4F3D-A12D-AF5F85C40055}.Release|x86.Build.0 = Release|Any CPU
		{208ED6D3-C503-4AC4-83EC-813F9FEE2C70}.Debug|Any CPU.ActiveCfg = Debug|Any CPU
		{208ED6D3-C503-4AC4-83EC-813F9FEE2C70}.Debug|Any CPU.Build.0 = Debug|Any CPU
		{208ED6D3-C503-4AC4-83EC-813F9FEE2C70}.Debug|x64.ActiveCfg = Debug|Any CPU
		{208ED6D3-C503-4AC4-83EC-813F9FEE2C70}.Debug|x64.Build.0 = Debug|Any CPU
		{208ED6D3-C503-4AC4-83EC-813F9FEE2C70}.Debug|x86.ActiveCfg = Debug|Any CPU
		{208ED6D3-C503-4AC4-83EC-813F9FEE2C70}.Debug|x86.Build.0 = Debug|Any CPU
		{208ED6D3-C503-4AC4-83EC-813F9FEE2C70}.Release|Any CPU.ActiveCfg = Release|Any CPU
		{208ED6D3-C503-4AC4-83EC-813F9FEE2C70}.Release|Any CPU.Build.0 = Release|Any CPU
		{208ED6D3-C503-4AC4-83EC-813F9FEE2C70}.Release|x64.ActiveCfg = Release|Any CPU
		{208ED6D3-C503-4AC4-83EC-813F9FEE2C70}.Release|x64.Build.0 = Release|Any CPU
		{208ED6D3-C503-4AC4-83EC-813F9FEE2C70}.Release|x86.ActiveCfg = Release|Any CPU
		{208ED6D3-C503-4AC4-83EC-813F9FEE2C70}.Release|x86.Build.0 = Release|Any CPU
		{7692D6E2-A557-4D28-9341-83A81D7958F7}.Debug|Any CPU.ActiveCfg = Debug|Any CPU
		{7692D6E2-A557-4D28-9341-83A81D7958F7}.Debug|Any CPU.Build.0 = Debug|Any CPU
		{7692D6E2-A557-4D28-9341-83A81D7958F7}.Debug|x64.ActiveCfg = Debug|Any CPU
		{7692D6E2-A557-4D28-9341-83A81D7958F7}.Debug|x64.Build.0 = Debug|Any CPU
		{7692D6E2-A557-4D28-9341-83A81D7958F7}.Debug|x86.ActiveCfg = Debug|Any CPU
		{7692D6E2-A557-4D28-9341-83A81D7958F7}.Debug|x86.Build.0 = Debug|Any CPU
		{7692D6E2-A557-4D28-9341-83A81D7958F7}.Release|Any CPU.ActiveCfg = Release|Any CPU
		{7692D6E2-A557-4D28-9341-83A81D7958F7}.Release|Any CPU.Build.0 = Release|Any CPU
		{7692D6E2-A557-4D28-9341-83A81D7958F7}.Release|x64.ActiveCfg = Release|Any CPU
		{7692D6E2-A557-4D28-9341-83A81D7958F7}.Release|x64.Build.0 = Release|Any CPU
		{7692D6E2-A557-4D28-9341-83A81D7958F7}.Release|x86.ActiveCfg = Release|Any CPU
		{7692D6E2-A557-4D28-9341-83A81D7958F7}.Release|x86.Build.0 = Release|Any CPU
	EndGlobalSection
	GlobalSection(SolutionProperties) = preSolution
		HideSolutionNode = FALSE
	EndGlobalSection
	GlobalSection(ExtensibilityGlobals) = postSolution
		SolutionGuid = {9751B05B-D804-439F-A03D-AE5B402162FA}
	EndGlobalSection
EndGlobal
